<Solution>
  <Folder Name="/examples/">
    <Project Path="src/WpfApp/WpfApp.csproj" />
  </Folder>
  <Folder Name="/src/">
    <Project Path="src/LiteObservableCollections/LiteObservableCollections.csproj" />
  </Folder>
  <Folder Name="/tests/">
    <Project Path="tests/LiteObservableCollections.Tests/LiteObservableCollections.Tests.csproj" />
  </Folder>
</Solution>
