
Microsoft Visual Studio Solution File, Format Version 12.00
# Visual Studio Version 17
VisualStudioVersion = 17.14.36221.1
MinimumVisualStudioVersion = 10.0.40219.1
Project("{FAE04EC0-301F-11D3-BF4B-00C04F79EFBC}") = "LiteObservableCollections", "src\LiteObservableCollections\LiteObservableCollections.csproj", "{58129739-5B7F-16E4-AF69-D66A1602F7D9}"
EndProject
Project("{FAE04EC0-301F-11D3-BF4B-00C04F79EFBC}") = "WpfApp", "src\WpfApp\WpfApp.csproj", "{B02F12BC-11FF-69AD-3D87-1EE23AE2BB0F}"
EndProject
Project("{FAE04EC0-301F-11D3-BF4B-00C04F79EFBC}") = "LiteObservableCollections.Concurrent", "src\LiteObservableCollections.Concurrent\LiteObservableCollections.Concurrent.csproj", "{C55D0FF7-A769-06CD-9EE9-723A9BCA3ECB}"
EndProject
Global
	GlobalSection(SolutionConfigurationPlatforms) = preSolution
		Debug|Any CPU = Debug|Any CPU
		Release|Any CPU = Release|Any CPU
	EndGlobalSection
	GlobalSection(ProjectConfigurationPlatforms) = postSolution
		{58129739-5B7F-16E4-AF69-D66A1602F7D9}.Debug|Any CPU.ActiveCfg = Debug|Any CPU
		{58129739-5B7F-16E4-AF69-D66A1602F7D9}.Debug|Any CPU.Build.0 = Debug|Any CPU
		{58129739-5B7F-16E4-AF69-D66A1602F7D9}.Release|Any CPU.ActiveCfg = Release|Any CPU
		{58129739-5B7F-16E4-AF69-D66A1602F7D9}.Release|Any CPU.Build.0 = Release|Any CPU
		{B02F12BC-11FF-69AD-3D87-1EE23AE2BB0F}.Debug|Any CPU.ActiveCfg = Debug|Any CPU
		{B02F12BC-11FF-69AD-3D87-1EE23AE2BB0F}.Debug|Any CPU.Build.0 = Debug|Any CPU
		{B02F12BC-11FF-69AD-3D87-1EE23AE2BB0F}.Release|Any CPU.ActiveCfg = Release|Any CPU
		{B02F12BC-11FF-69AD-3D87-1EE23AE2BB0F}.Release|Any CPU.Build.0 = Release|Any CPU
		{C55D0FF7-A769-06CD-9EE9-723A9BCA3ECB}.Debug|Any CPU.ActiveCfg = Debug|Any CPU
		{C55D0FF7-A769-06CD-9EE9-723A9BCA3ECB}.Debug|Any CPU.Build.0 = Debug|Any CPU
		{C55D0FF7-A769-06CD-9EE9-723A9BCA3ECB}.Release|Any CPU.ActiveCfg = Release|Any CPU
		{C55D0FF7-A769-06CD-9EE9-723A9BCA3ECB}.Release|Any CPU.Build.0 = Release|Any CPU
	EndGlobalSection
	GlobalSection(SolutionProperties) = preSolution
		HideSolutionNode = FALSE
	EndGlobalSection
	GlobalSection(ExtensibilityGlobals) = postSolution
		SolutionGuid = {53F65F7D-A4BB-4FE3-BD56-E3EFC898E7A7}
	EndGlobalSection
EndGlobal
